
Microsoft Visual Studio Solution File, Format Version 12.00
# Visual Studio Version 17
VisualStudioVersion = 17.3.32929.385
MinimumVisualStudioVersion = 10.0.40219.1
Project("{FAE04EC0-301F-11D3-BF4B-00C04F79EFBC}") = "MatchingGame", "MatchingGame\MatchingGame.csproj", "{574255DB-8332-4055-9759-94724BBAD2F2}"
EndProject
Global
	GlobalSection(SolutionConfigurationPlatforms) = preSolution
		Debug|Any CPU = Debug|Any CPU
		Release|Any CPU = Release|Any CPU
	EndGlobalSection
	GlobalSection(ProjectConfigurationPlatforms) = postSolution
		{574255DB-8332-4055-9759-94724BBAD2F2}.Debug|Any CPU.ActiveCfg = Debug|Any CPU
		{574255DB-8332-4055-9759-94724BBAD2F2}.Debug|Any CPU.Build.0 = Debug|Any CPU
		{574255DB-8332-4055-9759-94724BBAD2F2}.Release|Any CPU.ActiveCfg = Release|Any CPU
		{574255DB-8332-4055-9759-94724BBAD2F2}.Release|Any CPU.Build.0 = Release|Any CPU
	EndGlobalSection
	GlobalSection(SolutionProperties) = preSolution
		HideSolutionNode = FALSE
	EndGlobalSection
	GlobalSection(ExtensibilityGlobals) = postSolution
		SolutionGuid = {92910B4A-A1F6-467B-A503-3DEDEB01BB76}
	EndGlobalSection
EndGlobal
